
Microsoft Visual Studio Solution File, Format Version 12.00
# Visual Studio Version 16
VisualStudioVersion = 16.0.31402.337
MinimumVisualStudioVersion = 10.0.40219.1
Project("{FAE04EC0-301F-11D3-BF4B-00C04F79EFBC}") = "SKFB_ISZR", "SKFB_ISZR\SKFB_ISZR.csproj", "{462A5612-9AE4-45B5-AF8B-DBD9B4D1899D}"
EndProject
Global
	GlobalSection(SolutionConfigurationPlatforms) = preSolution
		Debug|Any CPU = Debug|Any CPU
		Debug|x64 = Debug|x64
		Debug|x86 = Debug|x86
		Release|Any CPU = Release|Any CPU
		Release|x64 = Release|x64
		Release|x86 = Release|x86
	EndGlobalSection
	GlobalSection(ProjectConfigurationPlatforms) = postSolution
		{462A5612-9AE4-45B5-AF8B-DBD9B4D1899D}.Debug|Any CPU.ActiveCfg = Release|Any CPU
		{462A5612-9AE4-45B5-AF8B-DBD9B4D1899D}.Debug|Any CPU.Build.0 = Release|Any CPU
		{462A5612-9AE4-45B5-AF8B-DBD9B4D1899D}.Debug|x64.ActiveCfg = Release|Any CPU
		{462A5612-9AE4-45B5-AF8B-DBD9B4D1899D}.Debug|x64.Build.0 = Release|Any CPU
		{462A5612-9AE4-45B5-AF8B-DBD9B4D1899D}.Debug|x86.ActiveCfg = Debug|x86
		{462A5612-9AE4-45B5-AF8B-DBD9B4D1899D}.Debug|x86.Build.0 = Debug|x86
		{462A5612-9AE4-45B5-AF8B-DBD9B4D1899D}.Release|Any CPU.ActiveCfg = Release|Any CPU
		{462A5612-9AE4-45B5-AF8B-DBD9B4D1899D}.Release|Any CPU.Build.0 = Release|Any CPU
		{462A5612-9AE4-45B5-AF8B-DBD9B4D1899D}.Release|x64.ActiveCfg = Release|x64
		{462A5612-9AE4-45B5-AF8B-DBD9B4D1899D}.Release|x64.Build.0 = Release|x64
		{462A5612-9AE4-45B5-AF8B-DBD9B4D1899D}.Release|x86.ActiveCfg = Release|x86
		{462A5612-9AE4-45B5-AF8B-DBD9B4D1899D}.Release|x86.Build.0 = Release|x86
	EndGlobalSection
	GlobalSection(SolutionProperties) = preSolution
		HideSolutionNode = FALSE
	EndGlobalSection
	GlobalSection(ExtensibilityGlobals) = postSolution
		SolutionGuid = {E15F075D-AB81-4F4C-8AB8-CF5B6B8BD8B4}
	EndGlobalSection
EndGlobal
